# Generated by pub
# See https://dart.dev/tools/pub/glossary#lockfile
packages:
  flat_buffers:
    dependency: "direct main"
    description:
      name: flat_buffers
      sha256: "380bdcba5664a718bfd4ea20a45d39e13684f5318fcd8883066a55e21f37f4c3"
      url: "https://pub.dev"
    source: hosted
    version: "23.5.26"
sdks:
  dart: ">=2.12.0 <4.0.0"
